
Microsoft Visual Studio Solution File, Format Version 12.00
# Visual Studio Version 16
VisualStudioVersion = 16.0.30711.63
MinimumVisualStudioVersion = 10.0.40219.1
Project("{9A19103F-16F7-4668-BE54-9A1E7A4F7556}") = "Sirb.CepBrasil", "Sirb.CepBrasil\Sirb.CepBrasil.csproj", "{F1EB671B-5B32-4430-9114-B77949C759D3}"
EndProject
Project("{2150E333-8FDC-42A3-9474-1A3956D46DE8}") = "Core", "Core", "{5C1D0924-E2CA-4CA3-9658-753281034DBC}"
EndProject
Project("{2150E333-8FDC-42A3-9474-1A3956D46DE8}") = "Test", "Test", "{53B10056-04B0-448D-B0ED-415FEC3A957F}"
EndProject
Project("{9A19103F-16F7-4668-BE54-9A1E7A4F7556}") = "Sirb.CepBrasil.Test", "Sirb.CepBrasil.Test\Sirb.CepBrasil.Test.csproj", "{1DFEA7EC-F417-495C-B81E-227581CA1FEF}"
EndProject
Project("{FAE04EC0-301F-11D3-BF4B-00C04F79EFBC}") = "Sirb.CepBrasil.Benchmark", "Sirb.CepBrasil.Benchmark\Sirb.CepBrasil.Benchmark.csproj", "{7B8A00AF-7358-49B0-B095-F35BD112E3D0}"
EndProject
Global
	GlobalSection(SolutionConfigurationPlatforms) = preSolution
		Debug|Any CPU = Debug|Any CPU
		Release|Any CPU = Release|Any CPU
	EndGlobalSection
	GlobalSection(ProjectConfigurationPlatforms) = postSolution
		{F1EB671B-5B32-4430-9114-B77949C759D3}.Debug|Any CPU.ActiveCfg = Debug|Any CPU
		{F1EB671B-5B32-4430-9114-B77949C759D3}.Debug|Any CPU.Build.0 = Debug|Any CPU
		{F1EB671B-5B32-4430-9114-B77949C759D3}.Release|Any CPU.ActiveCfg = Release|Any CPU
		{F1EB671B-5B32-4430-9114-B77949C759D3}.Release|Any CPU.Build.0 = Release|Any CPU
		{1DFEA7EC-F417-495C-B81E-227581CA1FEF}.Debug|Any CPU.ActiveCfg = Debug|Any CPU
		{1DFEA7EC-F417-495C-B81E-227581CA1FEF}.Debug|Any CPU.Build.0 = Debug|Any CPU
		{1DFEA7EC-F417-495C-B81E-227581CA1FEF}.Release|Any CPU.ActiveCfg = Release|Any CPU
		{1DFEA7EC-F417-495C-B81E-227581CA1FEF}.Release|Any CPU.Build.0 = Release|Any CPU
		{7B8A00AF-7358-49B0-B095-F35BD112E3D0}.Debug|Any CPU.ActiveCfg = Debug|Any CPU
		{7B8A00AF-7358-49B0-B095-F35BD112E3D0}.Debug|Any CPU.Build.0 = Debug|Any CPU
		{7B8A00AF-7358-49B0-B095-F35BD112E3D0}.Release|Any CPU.ActiveCfg = Release|Any CPU
		{7B8A00AF-7358-49B0-B095-F35BD112E3D0}.Release|Any CPU.Build.0 = Release|Any CPU
	EndGlobalSection
	GlobalSection(SolutionProperties) = preSolution
		HideSolutionNode = FALSE
	EndGlobalSection
	GlobalSection(NestedProjects) = preSolution
		{F1EB671B-5B32-4430-9114-B77949C759D3} = {5C1D0924-E2CA-4CA3-9658-753281034DBC}
		{1DFEA7EC-F417-495C-B81E-227581CA1FEF} = {53B10056-04B0-448D-B0ED-415FEC3A957F}
	EndGlobalSection
	GlobalSection(ExtensibilityGlobals) = postSolution
		SolutionGuid = {1C1AB462-F7E5-4FEB-9173-970B75392A7D}
	EndGlobalSection
EndGlobal
